
Microsoft Visual Studio Solution File, Format Version 12.00
# Visual Studio 15
VisualStudioVersion = 15.0.27130.2010
MinimumVisualStudioVersion = 10.0.40219.1
Project("{FAE04EC0-301F-11D3-BF4B-00C04F79EFBC}") = "xamMusic.Android", "xamMusic\xamMusic.Android\xamMusic.Android.csproj", "{5F0E4412-93ED-418D-A45D-D154F7D287D9}"
EndProject
Project("{FAE04EC0-301F-11D3-BF4B-00C04F79EFBC}") = "xamMusic.iOS", "xamMusic\xamMusic.iOS\xamMusic.iOS.csproj", "{2F8FE086-EB5B-4F50-A9FE-616BA115E303}"
EndProject
Project("{FAE04EC0-301F-11D3-BF4B-00C04F79EFBC}") = "xamMusic.UWP", "xamMusic\xamMusic.UWP\xamMusic.UWP.csproj", "{7BEB199B-4809-4012-98B5-C3CD072F3DD1}"
EndProject
Project("{9A19103F-16F7-4668-BE54-9A1E7A4F7556}") = "xamMusic", "xamMusic\xamMusic\xamMusic.csproj", "{CFDE4933-85C1-4DF0-A839-DDD104A6BDF6}"
EndProject
Project("{FAE04EC0-301F-11D3-BF4B-00C04F79EFBC}") = "UnitTestProject1", "UnitTestProject1\UnitTestProject1.csproj", "{9E6F1BB9-7D9B-4DB0-959A-CB973666B2B6}"
EndProject
Global
	GlobalSection(SolutionConfigurationPlatforms) = preSolution
		Ad-Hoc|Any CPU = Ad-Hoc|Any CPU
		Ad-Hoc|ARM = Ad-Hoc|ARM
		Ad-Hoc|iPhone = Ad-Hoc|iPhone
		Ad-Hoc|iPhoneSimulator = Ad-Hoc|iPhoneSimulator
		Ad-Hoc|x64 = Ad-Hoc|x64
		Ad-Hoc|x86 = Ad-Hoc|x86
		AppStore|Any CPU = AppStore|Any CPU
		AppStore|ARM = AppStore|ARM
		AppStore|iPhone = AppStore|iPhone
		AppStore|iPhoneSimulator = AppStore|iPhoneSimulator
		AppStore|x64 = AppStore|x64
		AppStore|x86 = AppStore|x86
		Debug|Any CPU = Debug|Any CPU
		Debug|ARM = Debug|ARM
		Debug|iPhone = Debug|iPhone
		Debug|iPhoneSimulator = Debug|iPhoneSimulator
		Debug|x64 = Debug|x64
		Debug|x86 = Debug|x86
		Release|Any CPU = Release|Any CPU
		Release|ARM = Release|ARM
		Release|iPhone = Release|iPhone
		Release|iPhoneSimulator = Release|iPhoneSimulator
		Release|x64 = Release|x64
		Release|x86 = Release|x86
	EndGlobalSection
	GlobalSection(ProjectConfigurationPlatforms) = postSolution
		{5F0E4412-93ED-418D-A45D-D154F7D287D9}.Ad-Hoc|Any CPU.ActiveCfg = Release|Any CPU
		{5F0E4412-93ED-418D-A45D-D154F7D287D9}.Ad-Hoc|Any CPU.Build.0 = Release|Any CPU
		{5F0E4412-93ED-418D-A45D-D154F7D287D9}.Ad-Hoc|Any CPU.Deploy.0 = Release|Any CPU
		{5F0E4412-93ED-418D-A45D-D154F7D287D9}.Ad-Hoc|ARM.ActiveCfg = Release|Any CPU
		{5F0E4412-93ED-418D-A45D-D154F7D287D9}.Ad-Hoc|ARM.Build.0 = Release|Any CPU
		{5F0E4412-93ED-418D-A45D-D154F7D287D9}.Ad-Hoc|ARM.Deploy.0 = Release|Any CPU
		{5F0E4412-93ED-418D-A45D-D154F7D287D9}.Ad-Hoc|iPhone.ActiveCfg = Release|Any CPU
		{5F0E4412-93ED-418D-A45D-D154F7D287D9}.Ad-Hoc|iPhone.Build.0 = Release|Any CPU
		{5F0E4412-93ED-418D-A45D-D154F7D287D9}.Ad-Hoc|iPhone.Deploy.0 = Release|Any CPU
		{5F0E4412-93ED-418D-A45D-D154F7D287D9}.Ad-Hoc|iPhoneSimulator.ActiveCfg = Release|Any CPU
		{5F0E4412-93ED-418D-A45D-D154F7D287D9}.Ad-Hoc|iPhoneSimulator.Build.0 = Release|Any CPU
		{5F0E4412-93ED-418D-A45D-D154F7D287D9}.Ad-Hoc|iPhoneSimulator.Deploy.0 = Release|Any CPU
		{5F0E4412-93ED-418D-A45D-D154F7D287D9}.Ad-Hoc|x64.ActiveCfg = Release|Any CPU
		{5F0E4412-93ED-418D-A45D-D154F7D287D9}.Ad-Hoc|x64.Build.0 = Release|Any CPU
		{5F0E4412-93ED-418D-A45D-D154F7D287D9}.Ad-Hoc|x64.Deploy.0 = Release|Any CPU
		{5F0E4412-93ED-418D-A45D-D154F7D287D9}.Ad-Hoc|x86.ActiveCfg = Release|Any CPU
		{5F0E4412-93ED-418D-A45D-D154F7D287D9}.Ad-Hoc|x86.Build.0 = Release|Any CPU
		{5F0E4412-93ED-418D-A45D-D154F7D287D9}.Ad-Hoc|x86.Deploy.0 = Release|Any CPU
		{5F0E4412-93ED-418D-A45D-D154F7D287D9}.AppStore|Any CPU.ActiveCfg = Release|Any CPU
		{5F0E4412-93ED-418D-A45D-D154F7D287D9}.AppStore|Any CPU.Build.0 = Release|Any CPU
		{5F0E4412-93ED-418D-A45D-D154F7D287D9}.AppStore|Any CPU.Deploy.0 = Release|Any CPU
		{5F0E4412-93ED-418D-A45D-D154F7D287D9}.AppStore|ARM.ActiveCfg = Release|Any CPU
		{5F0E4412-93ED-418D-A45D-D154F7D287D9}.AppStore|ARM.Build.0 = Release|Any CPU
		{5F0E4412-93ED-418D-A45D-D154F7D287D9}.AppStore|ARM.Deploy.0 = Release|Any CPU
		{5F0E4412-93ED-418D-A45D-D154F7D287D9}.AppStore|iPhone.ActiveCfg = Release|Any CPU
		{5F0E4412-93ED-418D-A45D-D154F7D287D9}.AppStore|iPhone.Build.0 = Release|Any CPU
		{5F0E4412-93ED-418D-A45D-D154F7D287D9}.AppStore|iPhone.Deploy.0 = Release|Any CPU
		{5F0E4412-93ED-418D-A45D-D154F7D287D9}.AppStore|iPhoneSimulator.ActiveCfg = Release|Any CPU
		{5F0E4412-93ED-418D-A45D-D154F7D287D9}.AppStore|iPhoneSimulator.Build.0 = Release|Any CPU
		{5F0E4412-93ED-418D-A45D-D154F7D287D9}.AppStore|iPhoneSimulator.Deploy.0 = Release|Any CPU
		{5F0E4412-93ED-418D-A45D-D154F7D287D9}.AppStore|x64.ActiveCfg = Release|Any CPU
		{5F0E4412-93ED-418D-A45D-D154F7D287D9}.AppStore|x64.Build.0 = Release|Any CPU
		{5F0E4412-93ED-418D-A45D-D154F7D287D9}.AppStore|x64.Deploy.0 = Release|Any CPU
		{5F0E4412-93ED-418D-A45D-D154F7D287D9}.AppStore|x86.ActiveCfg = Release|Any CPU
		{5F0E4412-93ED-418D-A45D-D154F7D287D9}.AppStore|x86.Build.0 = Release|Any CPU
		{5F0E4412-93ED-418D-A45D-D154F7D287D9}.AppStore|x86.Deploy.0 = Release|Any CPU
		{5F0E4412-93ED-418D-A45D-D154F7D287D9}.Debug|Any CPU.ActiveCfg = Debug|Any CPU
		{5F0E4412-93ED-418D-A45D-D154F7D287D9}.Debug|Any CPU.Build.0 = Debug|Any CPU
		{5F0E4412-93ED-418D-A45D-D154F7D287D9}.Debug|Any CPU.Deploy.0 = Debug|Any CPU
		{5F0E4412-93ED-418D-A45D-D154F7D287D9}.Debug|ARM.ActiveCfg = Debug|Any CPU
		{5F0E4412-93ED-418D-A45D-D154F7D287D9}.Debug|ARM.Build.0 = Debug|Any CPU
		{5F0E4412-93ED-418D-A45D-D154F7D287D9}.Debug|ARM.Deploy.0 = Debug|Any CPU
		{5F0E4412-93ED-418D-A45D-D154F7D287D9}.Debug|iPhone.ActiveCfg = Debug|Any CPU
		{5F0E4412-93ED-418D-A45D-D154F7D287D9}.Debug|iPhone.Build.0 = Debug|Any CPU
		{5F0E4412-93ED-418D-A45D-D154F7D287D9}.Debug|iPhone.Deploy.0 = Debug|Any CPU
		{5F0E4412-93ED-418D-A45D-D154F7D287D9}.Debug|iPhoneSimulator.ActiveCfg = Debug|Any CPU
		{5F0E4412-93ED-418D-A45D-D154F7D287D9}.Debug|iPhoneSimulator.Build.0 = Debug|Any CPU
		{5F0E4412-93ED-418D-A45D-D154F7D287D9}.Debug|iPhoneSimulator.Deploy.0 = Debug|Any CPU
		{5F0E4412-93ED-418D-A45D-D154F7D287D9}.Debug|x64.ActiveCfg = Debug|Any CPU
		{5F0E4412-93ED-418D-A45D-D154F7D287D9}.Debug|x64.Build.0 = Debug|Any CPU
		{5F0E4412-93ED-418D-A45D-D154F7D287D9}.Debug|x64.Deploy.0 = Debug|Any CPU
		{5F0E4412-93ED-418D-A45D-D154F7D287D9}.Debug|x86.ActiveCfg = Debug|Any CPU
		{5F0E4412-93ED-418D-A45D-D154F7D287D9}.Debug|x86.Build.0 = Debug|Any CPU
		{5F0E4412-93ED-418D-A45D-D154F7D287D9}.Debug|x86.Deploy.0 = Debug|Any CPU
		{5F0E4412-93ED-418D-A45D-D154F7D287D9}.Release|Any CPU.ActiveCfg = Release|Any CPU
		{5F0E4412-93ED-418D-A45D-D154F7D287D9}.Release|Any CPU.Build.0 = Release|Any CPU
		{5F0E4412-93ED-418D-A45D-D154F7D287D9}.Release|Any CPU.Deploy.0 = Release|Any CPU
		{5F0E4412-93ED-418D-A45D-D154F7D287D9}.Release|ARM.ActiveCfg = Release|Any CPU
		{5F0E4412-93ED-418D-A45D-D154F7D287D9}.Release|ARM.Build.0 = Release|Any CPU
		{5F0E4412-93ED-418D-A45D-D154F7D287D9}.Release|ARM.Deploy.0 = Release|Any CPU
		{5F0E4412-93ED-418D-A45D-D154F7D287D9}.Release|iPhone.ActiveCfg = Release|Any CPU
		{5F0E4412-93ED-418D-A45D-D154F7D287D9}.Release|iPhone.Build.0 = Release|Any CPU
		{5F0E4412-93ED-418D-A45D-D154F7D287D9}.Release|iPhone.Deploy.0 = Release|Any CPU
		{5F0E4412-93ED-418D-A45D-D154F7D287D9}.Release|iPhoneSimulator.ActiveCfg = Release|Any CPU
		{5F0E4412-93ED-418D-A45D-D154F7D287D9}.Release|iPhoneSimulator.Build.0 = Release|Any CPU
		{5F0E4412-93ED-418D-A45D-D154F7D287D9}.Release|iPhoneSimulator.Deploy.0 = Release|Any CPU
		{5F0E4412-93ED-418D-A45D-D154F7D287D9}.Release|x64.ActiveCfg = Release|Any CPU
		{5F0E4412-93ED-418D-A45D-D154F7D287D9}.Release|x64.Build.0 = Release|Any CPU
		{5F0E4412-93ED-418D-A45D-D154F7D287D9}.Release|x64.Deploy.0 = Release|Any CPU
		{5F0E4412-93ED-418D-A45D-D154F7D287D9}.Release|x86.ActiveCfg = Release|Any CPU
		{5F0E4412-93ED-418D-A45D-D154F7D287D9}.Release|x86.Build.0 = Release|Any CPU
		{5F0E4412-93ED-418D-A45D-D154F7D287D9}.Release|x86.Deploy.0 = Release|Any CPU
		{2F8FE086-EB5B-4F50-A9FE-616BA115E303}.Ad-Hoc|Any CPU.ActiveCfg = Ad-Hoc|iPhone
		{2F8FE086-EB5B-4F50-A9FE-616BA115E303}.Ad-Hoc|ARM.ActiveCfg = Ad-Hoc|iPhone
		{2F8FE086-EB5B-4F50-A9FE-616BA115E303}.Ad-Hoc|iPhone.ActiveCfg = Ad-Hoc|iPhone
		{2F8FE086-EB5B-4F50-A9FE-616BA115E303}.Ad-Hoc|iPhone.Build.0 = Ad-Hoc|iPhone
		{2F8FE086-EB5B-4F50-A9FE-616BA115E303}.Ad-Hoc|iPhoneSimulator.ActiveCfg = Ad-Hoc|iPhoneSimulator
		{2F8FE086-EB5B-4F50-A9FE-616BA115E303}.Ad-Hoc|iPhoneSimulator.Build.0 = Ad-Hoc|iPhoneSimulator
		{2F8FE086-EB5B-4F50-A9FE-616BA115E303}.Ad-Hoc|x64.ActiveCfg = Ad-Hoc|iPhone
		{2F8FE086-EB5B-4F50-A9FE-616BA115E303}.Ad-Hoc|x86.ActiveCfg = Ad-Hoc|iPhone
		{2F8FE086-EB5B-4F50-A9FE-616BA115E303}.AppStore|Any CPU.ActiveCfg = AppStore|iPhone
		{2F8FE086-EB5B-4F50-A9FE-616BA115E303}.AppStore|ARM.ActiveCfg = AppStore|iPhone
		{2F8FE086-EB5B-4F50-A9FE-616BA115E303}.AppStore|iPhone.ActiveCfg = AppStore|iPhone
		{2F8FE086-EB5B-4F50-A9FE-616BA115E303}.AppStore|iPhone.Build.0 = AppStore|iPhone
		{2F8FE086-EB5B-4F50-A9FE-616BA115E303}.AppStore|iPhoneSimulator.ActiveCfg = AppStore|iPhoneSimulator
		{2F8FE086-EB5B-4F50-A9FE-616BA115E303}.AppStore|iPhoneSimulator.Build.0 = AppStore|iPhoneSimulator
		{2F8FE086-EB5B-4F50-A9FE-616BA115E303}.AppStore|x64.ActiveCfg = AppStore|iPhone
		{2F8FE086-EB5B-4F50-A9FE-616BA115E303}.AppStore|x86.ActiveCfg = AppStore|iPhone
		{2F8FE086-EB5B-4F50-A9FE-616BA115E303}.Debug|Any CPU.ActiveCfg = Debug|iPhone
		{2F8FE086-EB5B-4F50-A9FE-616BA115E303}.Debug|ARM.ActiveCfg = Debug|iPhone
		{2F8FE086-EB5B-4F50-A9FE-616BA115E303}.Debug|iPhone.ActiveCfg = Debug|iPhone
		{2F8FE086-EB5B-4F50-A9FE-616BA115E303}.Debug|iPhone.Build.0 = Debug|iPhone
		{2F8FE086-EB5B-4F50-A9FE-616BA115E303}.Debug|iPhoneSimulator.ActiveCfg = Debug|iPhoneSimulator
		{2F8FE086-EB5B-4F50-A9FE-616BA115E303}.Debug|iPhoneSimulator.Build.0 = Debug|iPhoneSimulator
		{2F8FE086-EB5B-4F50-A9FE-616BA115E303}.Debug|x64.ActiveCfg = Debug|iPhone
		{2F8FE086-EB5B-4F50-A9FE-616BA115E303}.Debug|x86.ActiveCfg = Debug|iPhone
		{2F8FE086-EB5B-4F50-A9FE-616BA115E303}.Release|Any CPU.ActiveCfg = Release|iPhone
		{2F8FE086-EB5B-4F50-A9FE-616BA115E303}.Release|ARM.ActiveCfg = Release|iPhone
		{2F8FE086-EB5B-4F50-A9FE-616BA115E303}.Release|iPhone.ActiveCfg = Release|iPhone
		{2F8FE086-EB5B-4F50-A9FE-616BA115E303}.Release|iPhone.Build.0 = Release|iPhone
		{2F8FE086-EB5B-4F50-A9FE-616BA115E303}.Release|iPhoneSimulator.ActiveCfg = Release|iPhoneSimulator
		{2F8FE086-EB5B-4F50-A9FE-616BA115E303}.Release|iPhoneSimulator.Build.0 = Release|iPhoneSimulator
		{2F8FE086-EB5B-4F50-A9FE-616BA115E303}.Release|x64.ActiveCfg = Release|iPhone
		{2F8FE086-EB5B-4F50-A9FE-616BA115E303}.Release|x86.ActiveCfg = Release|iPhone
		{7BEB199B-4809-4012-98B5-C3CD072F3DD1}.Ad-Hoc|Any CPU.ActiveCfg = Release|x86
		{7BEB199B-4809-4012-98B5-C3CD072F3DD1}.Ad-Hoc|Any CPU.Build.0 = Release|x86
		{7BEB199B-4809-4012-98B5-C3CD072F3DD1}.Ad-Hoc|Any CPU.Deploy.0 = Release|x86
		{7BEB199B-4809-4012-98B5-C3CD072F3DD1}.Ad-Hoc|ARM.ActiveCfg = Release|ARM
		{7BEB199B-4809-4012-98B5-C3CD072F3DD1}.Ad-Hoc|ARM.Build.0 = Release|ARM
		{7BEB199B-4809-4012-98B5-C3CD072F3DD1}.Ad-Hoc|ARM.Deploy.0 = Release|ARM
		{7BEB199B-4809-4012-98B5-C3CD072F3DD1}.Ad-Hoc|iPhone.ActiveCfg = Release|x86
		{7BEB199B-4809-4012-98B5-C3CD072F3DD1}.Ad-Hoc|iPhone.Build.0 = Release|x86
		{7BEB199B-4809-4012-98B5-C3CD072F3DD1}.Ad-Hoc|iPhone.Deploy.0 = Release|x86
		{7BEB199B-4809-4012-98B5-C3CD072F3DD1}.Ad-Hoc|iPhoneSimulator.ActiveCfg = Release|x86
		{7BEB199B-4809-4012-98B5-C3CD072F3DD1}.Ad-Hoc|iPhoneSimulator.Build.0 = Release|x86
		{7BEB199B-4809-4012-98B5-C3CD072F3DD1}.Ad-Hoc|iPhoneSimulator.Deploy.0 = Release|x86
		{7BEB199B-4809-4012-98B5-C3CD072F3DD1}.Ad-Hoc|x64.ActiveCfg = Release|x64
		{7BEB199B-4809-4012-98B5-C3CD072F3DD1}.Ad-Hoc|x64.Build.0 = Release|x64
		{7BEB199B-4809-4012-98B5-C3CD072F3DD1}.Ad-Hoc|x64.Deploy.0 = Release|x64
		{7BEB199B-4809-4012-98B5-C3CD072F3DD1}.Ad-Hoc|x86.ActiveCfg = Release|x86
		{7BEB199B-4809-4012-98B5-C3CD072F3DD1}.Ad-Hoc|x86.Build.0 = Release|x86
		{7BEB199B-4809-4012-98B5-C3CD072F3DD1}.Ad-Hoc|x86.Deploy.0 = Release|x86
		{7BEB199B-4809-4012-98B5-C3CD072F3DD1}.AppStore|Any CPU.ActiveCfg = Release|x86
		{7BEB199B-4809-4012-98B5-C3CD072F3DD1}.AppStore|Any CPU.Build.0 = Release|x86
		{7BEB199B-4809-4012-98B5-C3CD072F3DD1}.AppStore|Any CPU.Deploy.0 = Release|x86
		{7BEB199B-4809-4012-98B5-C3CD072F3DD1}.AppStore|ARM.ActiveCfg = Release|ARM
		{7BEB199B-4809-4012-98B5-C3CD072F3DD1}.AppStore|ARM.Build.0 = Release|ARM
		{7BEB199B-4809-4012-98B5-C3CD072F3DD1}.AppStore|ARM.Deploy.0 = Release|ARM
		{7BEB199B-4809-4012-98B5-C3CD072F3DD1}.AppStore|iPhone.ActiveCfg = Release|x86
		{7BEB199B-4809-4012-98B5-C3CD072F3DD1}.AppStore|iPhone.Build.0 = Release|x86
		{7BEB199B-4809-4012-98B5-C3CD072F3DD1}.AppStore|iPhone.Deploy.0 = Release|x86
		{7BEB199B-4809-4012-98B5-C3CD072F3DD1}.AppStore|iPhoneSimulator.ActiveCfg = Release|x86
		{7BEB199B-4809-4012-98B5-C3CD072F3DD1}.AppStore|iPhoneSimulator.Build.0 = Release|x86
		{7BEB199B-4809-4012-98B5-C3CD072F3DD1}.AppStore|iPhoneSimulator.Deploy.0 = Release|x86
		{7BEB199B-4809-4012-98B5-C3CD072F3DD1}.AppStore|x64.ActiveCfg = Release|x64
		{7BEB199B-4809-4012-98B5-C3CD072F3DD1}.AppStore|x64.Build.0 = Release|x64
		{7BEB199B-4809-4012-98B5-C3CD072F3DD1}.AppStore|x64.Deploy.0 = Release|x64
		{7BEB199B-4809-4012-98B5-C3CD072F3DD1}.AppStore|x86.ActiveCfg = Release|x86
		{7BEB199B-4809-4012-98B5-C3CD072F3DD1}.AppStore|x86.Build.0 = Release|x86
		{7BEB199B-4809-4012-98B5-C3CD072F3DD1}.AppStore|x86.Deploy.0 = Release|x86
		{7BEB199B-4809-4012-98B5-C3CD072F3DD1}.Debug|Any CPU.ActiveCfg = Debug|x86
		{7BEB199B-4809-4012-98B5-C3CD072F3DD1}.Debug|ARM.ActiveCfg = Debug|ARM
		{7BEB199B-4809-4012-98B5-C3CD072F3DD1}.Debug|ARM.Build.0 = Debug|ARM
		{7BEB199B-4809-4012-98B5-C3CD072F3DD1}.Debug|ARM.Deploy.0 = Debug|ARM
		{7BEB199B-4809-4012-98B5-C3CD072F3DD1}.Debug|iPhone.ActiveCfg = Debug|x86
		{7BEB199B-4809-4012-98B5-C3CD072F3DD1}.Debug|iPhoneSimulator.ActiveCfg = Debug|x86
		{7BEB199B-4809-4012-98B5-C3CD072F3DD1}.Debug|x64.ActiveCfg = Debug|x64
		{7BEB199B-4809-4012-98B5-C3CD072F3DD1}.Debug|x64.Build.0 = Debug|x64
		{7BEB199B-4809-4012-98B5-C3CD072F3DD1}.Debug|x64.Deploy.0 = Debug|x64
		{7BEB199B-4809-4012-98B5-C3CD072F3DD1}.Debug|x86.ActiveCfg = Debug|x86
		{7BEB199B-4809-4012-98B5-C3CD072F3DD1}.Debug|x86.Build.0 = Debug|x86
		{7BEB199B-4809-4012-98B5-C3CD072F3DD1}.Debug|x86.Deploy.0 = Debug|x86
		{7BEB199B-4809-4012-98B5-C3CD072F3DD1}.Release|Any CPU.ActiveCfg = Release|x86
		{7BEB199B-4809-4012-98B5-C3CD072F3DD1}.Release|ARM.ActiveCfg = Release|ARM
		{7BEB199B-4809-4012-98B5-C3CD072F3DD1}.Release|ARM.Build.0 = Release|ARM
		{7BEB199B-4809-4012-98B5-C3CD072F3DD1}.Release|ARM.Deploy.0 = Release|ARM
		{7BEB199B-4809-4012-98B5-C3CD072F3DD1}.Release|iPhone.ActiveCfg = Release|x86
		{7BEB199B-4809-4012-98B5-C3CD072F3DD1}.Release|iPhoneSimulator.ActiveCfg = Release|x86
		{7BEB199B-4809-4012-98B5-C3CD072F3DD1}.Release|x64.ActiveCfg = Release|x64
		{7BEB199B-4809-4012-98B5-C3CD072F3DD1}.Release|x64.Build.0 = Release|x64
		{7BEB199B-4809-4012-98B5-C3CD072F3DD1}.Release|x64.Deploy.0 = Release|x64
		{7BEB199B-4809-4012-98B5-C3CD072F3DD1}.Release|x86.ActiveCfg = Release|x86
		{7BEB199B-4809-4012-98B5-C3CD072F3DD1}.Release|x86.Build.0 = Release|x86
		{7BEB199B-4809-4012-98B5-C3CD072F3DD1}.Release|x86.Deploy.0 = Release|x86
		{CFDE4933-85C1-4DF0-A839-DDD104A6BDF6}.Ad-Hoc|Any CPU.ActiveCfg = Debug|Any CPU
		{CFDE4933-85C1-4DF0-A839-DDD104A6BDF6}.Ad-Hoc|Any CPU.Build.0 = Debug|Any CPU
		{CFDE4933-85C1-4DF0-A839-DDD104A6BDF6}.Ad-Hoc|ARM.ActiveCfg = Debug|Any CPU
		{CFDE4933-85C1-4DF0-A839-DDD104A6BDF6}.Ad-Hoc|ARM.Build.0 = Debug|Any CPU
		{CFDE4933-85C1-4DF0-A839-DDD104A6BDF6}.Ad-Hoc|iPhone.ActiveCfg = Debug|Any CPU
		{CFDE4933-85C1-4DF0-A839-DDD104A6BDF6}.Ad-Hoc|iPhone.Build.0 = Debug|Any CPU
		{CFDE4933-85C1-4DF0-A839-DDD104A6BDF6}.Ad-Hoc|iPhoneSimulator.ActiveCfg = Debug|Any CPU
		{CFDE4933-85C1-4DF0-A839-DDD104A6BDF6}.Ad-Hoc|iPhoneSimulator.Build.0 = Debug|Any CPU
		{CFDE4933-85C1-4DF0-A839-DDD104A6BDF6}.Ad-Hoc|x64.ActiveCfg = Debug|Any CPU
		{CFDE4933-85C1-4DF0-A839-DDD104A6BDF6}.Ad-Hoc|x64.Build.0 = Debug|Any CPU
		{CFDE4933-85C1-4DF0-A839-DDD104A6BDF6}.Ad-Hoc|x86.ActiveCfg = Debug|Any CPU
		{CFDE4933-85C1-4DF0-A839-DDD104A6BDF6}.Ad-Hoc|x86.Build.0 = Debug|Any CPU
		{CFDE4933-85C1-4DF0-A839-DDD104A6BDF6}.AppStore|Any CPU.ActiveCfg = Debug|Any CPU
		{CFDE4933-85C1-4DF0-A839-DDD104A6BDF6}.AppStore|Any CPU.Build.0 = Debug|Any CPU
		{CFDE4933-85C1-4DF0-A839-DDD104A6BDF6}.AppStore|ARM.ActiveCfg = Debug|Any CPU
		{CFDE4933-85C1-4DF0-A839-DDD104A6BDF6}.AppStore|ARM.Build.0 = Debug|Any CPU
		{CFDE4933-85C1-4DF0-A839-DDD104A6BDF6}.AppStore|iPhone.ActiveCfg = Debug|Any CPU
		{CFDE4933-85C1-4DF0-A839-DDD104A6BDF6}.AppStore|iPhone.Build.0 = Debug|Any CPU
		{CFDE4933-85C1-4DF0-A839-DDD104A6BDF6}.AppStore|iPhoneSimulator.ActiveCfg = Debug|Any CPU
		{CFDE4933-85C1-4DF0-A839-DDD104A6BDF6}.AppStore|iPhoneSimulator.Build.0 = Debug|Any CPU
		{CFDE4933-85C1-4DF0-A839-DDD104A6BDF6}.AppStore|x64.ActiveCfg = Debug|Any CPU
		{CFDE4933-85C1-4DF0-A839-DDD104A6BDF6}.AppStore|x64.Build.0 = Debug|Any CPU
		{CFDE4933-85C1-4DF0-A839-DDD104A6BDF6}.AppStore|x86.ActiveCfg = Debug|Any CPU
		{CFDE4933-85C1-4DF0-A839-DDD104A6BDF6}.AppStore|x86.Build.0 = Debug|Any CPU
		{CFDE4933-85C1-4DF0-A839-DDD104A6BDF6}.Debug|Any CPU.ActiveCfg = Debug|Any CPU
		{CFDE4933-85C1-4DF0-A839-DDD104A6BDF6}.Debug|Any CPU.Build.0 = Debug|Any CPU
		{CFDE4933-85C1-4DF0-A839-DDD104A6BDF6}.Debug|ARM.ActiveCfg = Debug|Any CPU
		{CFDE4933-85C1-4DF0-A839-DDD104A6BDF6}.Debug|ARM.Build.0 = Debug|Any CPU
		{CFDE4933-85C1-4DF0-A839-DDD104A6BDF6}.Debug|iPhone.ActiveCfg = Debug|Any CPU
		{CFDE4933-85C1-4DF0-A839-DDD104A6BDF6}.Debug|iPhone.Build.0 = Debug|Any CPU
		{CFDE4933-85C1-4DF0-A839-DDD104A6BDF6}.Debug|iPhoneSimulator.ActiveCfg = Debug|Any CPU
		{CFDE4933-85C1-4DF0-A839-DDD104A6BDF6}.Debug|iPhoneSimulator.Build.0 = Debug|Any CPU
		{CFDE4933-85C1-4DF0-A839-DDD104A6BDF6}.Debug|x64.ActiveCfg = Debug|Any CPU
		{CFDE4933-85C1-4DF0-A839-DDD104A6BDF6}.Debug|x64.Build.0 = Debug|Any CPU
		{CFDE4933-85C1-4DF0-A839-DDD104A6BDF6}.Debug|x86.ActiveCfg = Debug|Any CPU
		{CFDE4933-85C1-4DF0-A839-DDD104A6BDF6}.Debug|x86.Build.0 = Debug|Any CPU
		{CFDE4933-85C1-4DF0-A839-DDD104A6BDF6}.Release|Any CPU.ActiveCfg = Release|Any CPU
		{CFDE4933-85C1-4DF0-A839-DDD104A6BDF6}.Release|Any CPU.Build.0 = Release|Any CPU
		{CFDE4933-85C1-4DF0-A839-DDD104A6BDF6}.Release|ARM.ActiveCfg = Release|Any CPU
		{CFDE4933-85C1-4DF0-A839-DDD104A6BDF6}.Release|ARM.Build.0 = Release|Any CPU
		{CFDE4933-85C1-4DF0-A839-DDD104A6BDF6}.Release|iPhone.ActiveCfg = Release|Any CPU
		{CFDE4933-85C1-4DF0-A839-DDD104A6BDF6}.Release|iPhone.Build.0 = Release|Any CPU
		{CFDE4933-85C1-4DF0-A839-DDD104A6BDF6}.Release|iPhoneSimulator.ActiveCfg = Release|Any CPU
		{CFDE4933-85C1-4DF0-A839-DDD104A6BDF6}.Release|iPhoneSimulator.Build.0 = Release|Any CPU
		{CFDE4933-85C1-4DF0-A839-DDD104A6BDF6}.Release|x64.ActiveCfg = Release|Any CPU
		{CFDE4933-85C1-4DF0-A839-DDD104A6BDF6}.Release|x64.Build.0 = Release|Any CPU
		{CFDE4933-85C1-4DF0-A839-DDD104A6BDF6}.Release|x86.ActiveCfg = Release|Any CPU
		{CFDE4933-85C1-4DF0-A839-DDD104A6BDF6}.Release|x86.Build.0 = Release|Any CPU
		{9E6F1BB9-7D9B-4DB0-959A-CB973666B2B6}.Ad-Hoc|Any CPU.ActiveCfg = Release|Any CPU
		{9E6F1BB9-7D9B-4DB0-959A-CB973666B2B6}.Ad-Hoc|Any CPU.Build.0 = Release|Any CPU
		{9E6F1BB9-7D9B-4DB0-959A-CB973666B2B6}.Ad-Hoc|ARM.ActiveCfg = Release|Any CPU
		{9E6F1BB9-7D9B-4DB0-959A-CB973666B2B6}.Ad-Hoc|ARM.Build.0 = Release|Any CPU
		{9E6F1BB9-7D9B-4DB0-959A-CB973666B2B6}.Ad-Hoc|iPhone.ActiveCfg = Release|Any CPU
		{9E6F1BB9-7D9B-4DB0-959A-CB973666B2B6}.Ad-Hoc|iPhone.Build.0 = Release|Any CPU
		{9E6F1BB9-7D9B-4DB0-959A-CB973666B2B6}.Ad-Hoc|iPhoneSimulator.ActiveCfg = Release|Any CPU
		{9E6F1BB9-7D9B-4DB0-959A-CB973666B2B6}.Ad-Hoc|iPhoneSimulator.Build.0 = Release|Any CPU
		{9E6F1BB9-7D9B-4DB0-959A-CB973666B2B6}.Ad-Hoc|x64.ActiveCfg = Release|Any CPU
		{9E6F1BB9-7D9B-4DB0-959A-CB973666B2B6}.Ad-Hoc|x64.Build.0 = Release|Any CPU
		{9E6F1BB9-7D9B-4DB0-959A-CB973666B2B6}.Ad-Hoc|x86.ActiveCfg = Release|Any CPU
		{9E6F1BB9-7D9B-4DB0-959A-CB973666B2B6}.Ad-Hoc|x86.Build.0 = Release|Any CPU
		{9E6F1BB9-7D9B-4DB0-959A-CB973666B2B6}.AppStore|Any CPU.ActiveCfg = Release|Any CPU
		{9E6F1BB9-7D9B-4DB0-959A-CB973666B2B6}.AppStore|Any CPU.Build.0 = Release|Any CPU
		{9E6F1BB9-7D9B-4DB0-959A-CB973666B2B6}.AppStore|ARM.ActiveCfg = Release|Any CPU
		{9E6F1BB9-7D9B-4DB0-959A-CB973666B2B6}.AppStore|ARM.Build.0 = Release|Any CPU
		{9E6F1BB9-7D9B-4DB0-959A-CB973666B2B6}.AppStore|iPhone.ActiveCfg = Release|Any CPU
		{9E6F1BB9-7D9B-4DB0-959A-CB973666B2B6}.AppStore|iPhone.Build.0 = Release|Any CPU
		{9E6F1BB9-7D9B-4DB0-959A-CB973666B2B6}.AppStore|iPhoneSimulator.ActiveCfg = Release|Any CPU
		{9E6F1BB9-7D9B-4DB0-959A-CB973666B2B6}.AppStore|iPhoneSimulator.Build.0 = Release|Any CPU
		{9E6F1BB9-7D9B-4DB0-959A-CB973666B2B6}.AppStore|x64.ActiveCfg = Release|Any CPU
		{9E6F1BB9-7D9B-4DB0-959A-CB973666B2B6}.AppStore|x64.Build.0 = Release|Any CPU
		{9E6F1BB9-7D9B-4DB0-959A-CB973666B2B6}.AppStore|x86.ActiveCfg = Release|Any CPU
		{9E6F1BB9-7D9B-4DB0-959A-CB973666B2B6}.AppStore|x86.Build.0 = Release|Any CPU
		{9E6F1BB9-7D9B-4DB0-959A-CB973666B2B6}.Debug|Any CPU.ActiveCfg = Debug|Any CPU
		{9E6F1BB9-7D9B-4DB0-959A-CB973666B2B6}.Debug|ARM.ActiveCfg = Debug|Any CPU
		{9E6F1BB9-7D9B-4DB0-959A-CB973666B2B6}.Debug|ARM.Build.0 = Debug|Any CPU
		{9E6F1BB9-7D9B-4DB0-959A-CB973666B2B6}.Debug|iPhone.ActiveCfg = Debug|Any CPU
		{9E6F1BB9-7D9B-4DB0-959A-CB973666B2B6}.Debug|iPhone.Build.0 = Debug|Any CPU
		{9E6F1BB9-7D9B-4DB0-959A-CB973666B2B6}.Debug|iPhoneSimulator.ActiveCfg = Debug|Any CPU
		{9E6F1BB9-7D9B-4DB0-959A-CB973666B2B6}.Debug|iPhoneSimulator.Build.0 = Debug|Any CPU
		{9E6F1BB9-7D9B-4DB0-959A-CB973666B2B6}.Debug|x64.ActiveCfg = Debug|Any CPU
		{9E6F1BB9-7D9B-4DB0-959A-CB973666B2B6}.Debug|x64.Build.0 = Debug|Any CPU
		{9E6F1BB9-7D9B-4DB0-959A-CB973666B2B6}.Debug|x86.ActiveCfg = Debug|Any CPU
		{9E6F1BB9-7D9B-4DB0-959A-CB973666B2B6}.Debug|x86.Build.0 = Debug|Any CPU
		{9E6F1BB9-7D9B-4DB0-959A-CB973666B2B6}.Release|Any CPU.ActiveCfg = Release|Any CPU
		{9E6F1BB9-7D9B-4DB0-959A-CB973666B2B6}.Release|Any CPU.Build.0 = Release|Any CPU
		{9E6F1BB9-7D9B-4DB0-959A-CB973666B2B6}.Release|ARM.ActiveCfg = Release|Any CPU
		{9E6F1BB9-7D9B-4DB0-959A-CB973666B2B6}.Release|ARM.Build.0 = Release|Any CPU
		{9E6F1BB9-7D9B-4DB0-959A-CB973666B2B6}.Release|iPhone.ActiveCfg = Release|Any CPU
		{9E6F1BB9-7D9B-4DB0-959A-CB973666B2B6}.Release|iPhone.Build.0 = Release|Any CPU
		{9E6F1BB9-7D9B-4DB0-959A-CB973666B2B6}.Release|iPhoneSimulator.ActiveCfg = Release|Any CPU
		{9E6F1BB9-7D9B-4DB0-959A-CB973666B2B6}.Release|iPhoneSimulator.Build.0 = Release|Any CPU
		{9E6F1BB9-7D9B-4DB0-959A-CB973666B2B6}.Release|x64.ActiveCfg = Release|Any CPU
		{9E6F1BB9-7D9B-4DB0-959A-CB973666B2B6}.Release|x64.Build.0 = Release|Any CPU
		{9E6F1BB9-7D9B-4DB0-959A-CB973666B2B6}.Release|x86.ActiveCfg = Release|Any CPU
		{9E6F1BB9-7D9B-4DB0-959A-CB973666B2B6}.Release|x86.Build.0 = Release|Any CPU
	EndGlobalSection
	GlobalSection(SolutionProperties) = preSolution
		HideSolutionNode = FALSE
	EndGlobalSection
	GlobalSection(ExtensibilityGlobals) = postSolution
		SolutionGuid = {AB63F524-51B8-4FE5-87F8-63ABE67514C7}
	EndGlobalSection
EndGlobal
